Microsoft Visual Studio Solution File, Format Version 12.00
# Visual Studio 15
Project("{8BC9CEB8-8B4A-11D0-8D11-00A0C91BC942}") = "ALL_BUILD", "ALL_BUILD.vcxproj", "{9EDAE941-11BF-3825-949D-1B5A2DE5C294}"
	ProjectSection(ProjectDependencies) = postProject
		{DE8FAB95-FC09-3EB2-A523-717919E58155} = {DE8FAB95-FC09-3EB2-A523-717919E58155}
		{353200C5-D8A2-3B17-B8E3-C2DC1E00B717} = {353200C5-D8A2-3B17-B8E3-C2DC1E00B717}
		{C7B0FFF3-53AC-3F0F-9C3B-207E3CD8B368} = {C7B0FFF3-53AC-3F0F-9C3B-207E3CD8B368}
		{CF5ED152-E2A2-36E4-9EE2-68B8106C8F72} = {CF5ED152-E2A2-36E4-9EE2-68B8106C8F72}
		{296A637C-F688-31CF-9144-7B3922038E02} = {296A637C-F688-31CF-9144-7B3922038E02}
		{5E1EDD0F-2CB0-398E-BAF3-226F34FD2BB1} = {5E1EDD0F-2CB0-398E-BAF3-226F34FD2BB1}
		{83AD3499-B35A-36B6-A61B-055CDBA307A7} = {83AD3499-B35A-36B6-A61B-055CDBA307A7}
		{4817458A-85FF-310B-85EA-642C4B26C314} = {4817458A-85FF-310B-85EA-642C4B26C314}
		{341C1D4D-1ED4-3995-A7F9-48362038AF04} = {341C1D4D-1ED4-3995-A7F9-48362038AF04}
		{E5B51AB2-49F2-354E-89A0-CCC62907F94E} = {E5B51AB2-49F2-354E-89A0-CCC62907F94E}
		{4BC1489A-9F62-398E-8BA6-120E0B780D60} = {4BC1489A-9F62-398E-8BA6-120E0B780D60}
		{F025A674-A4C8-325F-BE4D-1EA6160E8DED} = {F025A674-A4C8-325F-BE4D-1EA6160E8DED}
		{680685C3-70C0-3706-B3C0-909799E41261} = {680685C3-70C0-3706-B3C0-909799E41261}
		{54304A65-BF51-3510-8B8A-3C9C6DF4EBAA} = {54304A65-BF51-3510-8B8A-3C9C6DF4EBAA}
		{D67B05D2-1DDF-38A0-8BD8-E1AAB7D68168} = {D67B05D2-1DDF-38A0-8BD8-E1AAB7D68168}
		{0B4D6B6C-B5B1-39C3-81F9-78B67A46669A} = {0B4D6B6C-B5B1-39C3-81F9-78B67A46669A}
		{7AA0B469-8A06-3905-B58F-29052DE3E973} = {7AA0B469-8A06-3905-B58F-29052DE3E973}
		{A8A21DF9-DBDD-3631-83DF-63AB7CAE3186} = {A8A21DF9-DBDD-3631-83DF-63AB7CAE3186}
		{302915DD-57BD-3782-93FC-AB0E28A31792} = {302915DD-57BD-3782-93FC-AB0E28A31792}
		{AAE38243-E18D-3490-94A2-220AF7414952} = {AAE38243-E18D-3490-94A2-220AF7414952}
		{FDF5DFAD-AF00-32FE-9435-4E8DBF80295F} = {FDF5DFAD-AF00-32FE-9435-4E8DBF80295F}
		{2D19000A-EA9D-34DD-90AA-8FD08738E703} = {2D19000A-EA9D-34DD-90AA-8FD08738E703}
		{2A072E3B-AD5A-3106-961F-BD2E8C1A0855} = {2A072E3B-AD5A-3106-961F-BD2E8C1A0855}
		{5F4ECBF7-995A-326B-979C-011837FD797F} = {5F4ECBF7-995A-326B-979C-011837FD797F}
		{CC38665C-44B1-3E47-B8E8-FD9F83DCD1CD} = {CC38665C-44B1-3E47-B8E8-FD9F83DCD1CD}
	EndProjectSection
EndProject
Project("{8BC9CEB8-8B4A-11D0-8D11-00A0C91BC942}") = "CallbackMaker", "CallbackMaker.vcxproj", "{DE8FAB95-FC09-3EB2-A523-717919E58155}"
	ProjectSection(ProjectDependencies) = postProject
		{680685C3-70C0-3706-B3C0-909799E41261} = {680685C3-70C0-3706-B3C0-909799E41261}
		{54304A65-BF51-3510-8B8A-3C9C6DF4EBAA} = {54304A65-BF51-3510-8B8A-3C9C6DF4EBAA}
	EndProjectSection
EndProject
Project("{8BC9CEB8-8B4A-11D0-8D11-00A0C91BC942}") = "CallbackMaker_static", "CallbackMaker_static.vcxproj", "{353200C5-D8A2-3B17-B8E3-C2DC1E00B717}"
	ProjectSection(ProjectDependencies) = postProject
		{680685C3-70C0-3706-B3C0-909799E41261} = {680685C3-70C0-3706-B3C0-909799E41261}
		{D67B05D2-1DDF-38A0-8BD8-E1AAB7D68168} = {D67B05D2-1DDF-38A0-8BD8-E1AAB7D68168}
	EndProjectSection
EndProject
Project("{8BC9CEB8-8B4A-11D0-8D11-00A0C91BC942}") = "Fractals", "Fractals.vcxproj", "{C7B0FFF3-53AC-3F0F-9C3B-207E3CD8B368}"
	ProjectSection(ProjectDependencies) = postProject
		{680685C3-70C0-3706-B3C0-909799E41261} = {680685C3-70C0-3706-B3C0-909799E41261}
		{54304A65-BF51-3510-8B8A-3C9C6DF4EBAA} = {54304A65-BF51-3510-8B8A-3C9C6DF4EBAA}
	EndProjectSection
EndProject
Project("{8BC9CEB8-8B4A-11D0-8D11-00A0C91BC942}") = "Fractals_random", "Fractals_random.vcxproj", "{CF5ED152-E2A2-36E4-9EE2-68B8106C8F72}"
	ProjectSection(ProjectDependencies) = postProject
		{680685C3-70C0-3706-B3C0-909799E41261} = {680685C3-70C0-3706-B3C0-909799E41261}
		{54304A65-BF51-3510-8B8A-3C9C6DF4EBAA} = {54304A65-BF51-3510-8B8A-3C9C6DF4EBAA}
	EndProjectSection
EndProject
Project("{8BC9CEB8-8B4A-11D0-8D11-00A0C91BC942}") = "Fractals_random_static", "Fractals_random_static.vcxproj", "{296A637C-F688-31CF-9144-7B3922038E02}"
	ProjectSection(ProjectDependencies) = postProject
		{680685C3-70C0-3706-B3C0-909799E41261} = {680685C3-70C0-3706-B3C0-909799E41261}
		{D67B05D2-1DDF-38A0-8BD8-E1AAB7D68168} = {D67B05D2-1DDF-38A0-8BD8-E1AAB7D68168}
	EndProjectSection
EndProject
Project("{8BC9CEB8-8B4A-11D0-8D11-00A0C91BC942}") = "Fractals_static", "Fractals_static.vcxproj", "{5E1EDD0F-2CB0-398E-BAF3-226F34FD2BB1}"
	ProjectSection(ProjectDependencies) = postProject
		{680685C3-70C0-3706-B3C0-909799E41261} = {680685C3-70C0-3706-B3C0-909799E41261}
		{D67B05D2-1DDF-38A0-8BD8-E1AAB7D68168} = {D67B05D2-1DDF-38A0-8BD8-E1AAB7D68168}
	EndProjectSection
EndProject
Project("{8BC9CEB8-8B4A-11D0-8D11-00A0C91BC942}") = "INSTALL", "INSTALL.vcxproj", "{3270DACF-CB99-340C-894C-C1DD656CB574}"
	ProjectSection(ProjectDependencies) = postProject
		{9EDAE941-11BF-3825-949D-1B5A2DE5C294} = {9EDAE941-11BF-3825-949D-1B5A2DE5C294}
		{680685C3-70C0-3706-B3C0-909799E41261} = {680685C3-70C0-3706-B3C0-909799E41261}
	EndProjectSection
EndProject
Project("{8BC9CEB8-8B4A-11D0-8D11-00A0C91BC942}") = "Lorenz", "Lorenz.vcxproj", "{83AD3499-B35A-36B6-A61B-055CDBA307A7}"
	ProjectSection(ProjectDependencies) = postProject
		{680685C3-70C0-3706-B3C0-909799E41261} = {680685C3-70C0-3706-B3C0-909799E41261}
		{54304A65-BF51-3510-8B8A-3C9C6DF4EBAA} = {54304A65-BF51-3510-8B8A-3C9C6DF4EBAA}
	EndProjectSection
EndProject
Project("{8BC9CEB8-8B4A-11D0-8D11-00A0C91BC942}") = "Lorenz_static", "Lorenz_static.vcxproj", "{4817458A-85FF-310B-85EA-642C4B26C314}"
	ProjectSection(ProjectDependencies) = postProject
		{680685C3-70C0-3706-B3C0-909799E41261} = {680685C3-70C0-3706-B3C0-909799E41261}
		{D67B05D2-1DDF-38A0-8BD8-E1AAB7D68168} = {D67B05D2-1DDF-38A0-8BD8-E1AAB7D68168}
	EndProjectSection
EndProject
Project("{8BC9CEB8-8B4A-11D0-8D11-00A0C91BC942}") = "One", "One.vcxproj", "{341C1D4D-1ED4-3995-A7F9-48362038AF04}"
	ProjectSection(ProjectDependencies) = postProject
		{680685C3-70C0-3706-B3C0-909799E41261} = {680685C3-70C0-3706-B3C0-909799E41261}
		{54304A65-BF51-3510-8B8A-3C9C6DF4EBAA} = {54304A65-BF51-3510-8B8A-3C9C6DF4EBAA}
	EndProjectSection
EndProject
Project("{8BC9CEB8-8B4A-11D0-8D11-00A0C91BC942}") = "One_static", "One_static.vcxproj", "{E5B51AB2-49F2-354E-89A0-CCC62907F94E}"
	ProjectSection(ProjectDependencies) = postProject
		{680685C3-70C0-3706-B3C0-909799E41261} = {680685C3-70C0-3706-B3C0-909799E41261}
		{D67B05D2-1DDF-38A0-8BD8-E1AAB7D68168} = {D67B05D2-1DDF-38A0-8BD8-E1AAB7D68168}
	EndProjectSection
EndProject
Project("{8BC9CEB8-8B4A-11D0-8D11-00A0C91BC942}") = "Resizer", "Resizer.vcxproj", "{4BC1489A-9F62-398E-8BA6-120E0B780D60}"
	ProjectSection(ProjectDependencies) = postProject
		{680685C3-70C0-3706-B3C0-909799E41261} = {680685C3-70C0-3706-B3C0-909799E41261}
		{54304A65-BF51-3510-8B8A-3C9C6DF4EBAA} = {54304A65-BF51-3510-8B8A-3C9C6DF4EBAA}
	EndProjectSection
EndProject
Project("{8BC9CEB8-8B4A-11D0-8D11-00A0C91BC942}") = "Resizer_static", "Resizer_static.vcxproj", "{F025A674-A4C8-325F-BE4D-1EA6160E8DED}"
	ProjectSection(ProjectDependencies) = postProject
		{680685C3-70C0-3706-B3C0-909799E41261} = {680685C3-70C0-3706-B3C0-909799E41261}
		{D67B05D2-1DDF-38A0-8BD8-E1AAB7D68168} = {D67B05D2-1DDF-38A0-8BD8-E1AAB7D68168}
	EndProjectSection
EndProject
Project("{8BC9CEB8-8B4A-11D0-8D11-00A0C91BC942}") = "ZERO_CHECK", "ZERO_CHECK.vcxproj", "{680685C3-70C0-3706-B3C0-909799E41261}"
	ProjectSection(ProjectDependencies) = postProject
	EndProjectSection
EndProject
Project("{8BC9CEB8-8B4A-11D0-8D11-00A0C91BC942}") = "freeglut", "freeglut.vcxproj", "{54304A65-BF51-3510-8B8A-3C9C6DF4EBAA}"
	ProjectSection(ProjectDependencies) = postProject
		{680685C3-70C0-3706-B3C0-909799E41261} = {680685C3-70C0-3706-B3C0-909799E41261}
	EndProjectSection
EndProject
Project("{8BC9CEB8-8B4A-11D0-8D11-00A0C91BC942}") = "freeglut_static", "freeglut_static.vcxproj", "{D67B05D2-1DDF-38A0-8BD8-E1AAB7D68168}"
	ProjectSection(ProjectDependencies) = postProject
		{680685C3-70C0-3706-B3C0-909799E41261} = {680685C3-70C0-3706-B3C0-909799E41261}
	EndProjectSection
EndProject
Project("{8BC9CEB8-8B4A-11D0-8D11-00A0C91BC942}") = "multi-touch", "multi-touch.vcxproj", "{0B4D6B6C-B5B1-39C3-81F9-78B67A46669A}"
	ProjectSection(ProjectDependencies) = postProject
		{680685C3-70C0-3706-B3C0-909799E41261} = {680685C3-70C0-3706-B3C0-909799E41261}
		{54304A65-BF51-3510-8B8A-3C9C6DF4EBAA} = {54304A65-BF51-3510-8B8A-3C9C6DF4EBAA}
	EndProjectSection
EndProject
Project("{8BC9CEB8-8B4A-11D0-8D11-00A0C91BC942}") = "multi-touch_static", "multi-touch_static.vcxproj", "{7AA0B469-8A06-3905-B58F-29052DE3E973}"
	ProjectSection(ProjectDependencies) = postProject
		{680685C3-70C0-3706-B3C0-909799E41261} = {680685C3-70C0-3706-B3C0-909799E41261}
		{D67B05D2-1DDF-38A0-8BD8-E1AAB7D68168} = {D67B05D2-1DDF-38A0-8BD8-E1AAB7D68168}
	EndProjectSection
EndProject
Project("{8BC9CEB8-8B4A-11D0-8D11-00A0C91BC942}") = "shapes", "shapes.vcxproj", "{A8A21DF9-DBDD-3631-83DF-63AB7CAE3186}"
	ProjectSection(ProjectDependencies) = postProject
		{680685C3-70C0-3706-B3C0-909799E41261} = {680685C3-70C0-3706-B3C0-909799E41261}
		{54304A65-BF51-3510-8B8A-3C9C6DF4EBAA} = {54304A65-BF51-3510-8B8A-3C9C6DF4EBAA}
	EndProjectSection
EndProject
Project("{8BC9CEB8-8B4A-11D0-8D11-00A0C91BC942}") = "shapes_static", "shapes_static.vcxproj", "{302915DD-57BD-3782-93FC-AB0E28A31792}"
	ProjectSection(ProjectDependencies) = postProject
		{680685C3-70C0-3706-B3C0-909799E41261} = {680685C3-70C0-3706-B3C0-909799E41261}
		{D67B05D2-1DDF-38A0-8BD8-E1AAB7D68168} = {D67B05D2-1DDF-38A0-8BD8-E1AAB7D68168}
	EndProjectSection
EndProject
Project("{8BC9CEB8-8B4A-11D0-8D11-00A0C91BC942}") = "smooth_opengl3", "smooth_opengl3.vcxproj", "{AAE38243-E18D-3490-94A2-220AF7414952}"
	ProjectSection(ProjectDependencies) = postProject
		{680685C3-70C0-3706-B3C0-909799E41261} = {680685C3-70C0-3706-B3C0-909799E41261}
		{54304A65-BF51-3510-8B8A-3C9C6DF4EBAA} = {54304A65-BF51-3510-8B8A-3C9C6DF4EBAA}
	EndProjectSection
EndProject
Project("{8BC9CEB8-8B4A-11D0-8D11-00A0C91BC942}") = "smooth_opengl3_static", "smooth_opengl3_static.vcxproj", "{FDF5DFAD-AF00-32FE-9435-4E8DBF80295F}"
	ProjectSection(ProjectDependencies) = postProject
		{680685C3-70C0-3706-B3C0-909799E41261} = {680685C3-70C0-3706-B3C0-909799E41261}
		{D67B05D2-1DDF-38A0-8BD8-E1AAB7D68168} = {D67B05D2-1DDF-38A0-8BD8-E1AAB7D68168}
	EndProjectSection
EndProject
Project("{8BC9CEB8-8B4A-11D0-8D11-00A0C91BC942}") = "subwin", "subwin.vcxproj", "{2D19000A-EA9D-34DD-90AA-8FD08738E703}"
	ProjectSection(ProjectDependencies) = postProject
		{680685C3-70C0-3706-B3C0-909799E41261} = {680685C3-70C0-3706-B3C0-909799E41261}
		{54304A65-BF51-3510-8B8A-3C9C6DF4EBAA} = {54304A65-BF51-3510-8B8A-3C9C6DF4EBAA}
	EndProjectSection
EndProject
Project("{8BC9CEB8-8B4A-11D0-8D11-00A0C91BC942}") = "subwin_static", "subwin_static.vcxproj", "{2A072E3B-AD5A-3106-961F-BD2E8C1A0855}"
	ProjectSection(ProjectDependencies) = postProject
		{680685C3-70C0-3706-B3C0-909799E41261} = {680685C3-70C0-3706-B3C0-909799E41261}
		{D67B05D2-1DDF-38A0-8BD8-E1AAB7D68168} = {D67B05D2-1DDF-38A0-8BD8-E1AAB7D68168}
	EndProjectSection
EndProject
Project("{8BC9CEB8-8B4A-11D0-8D11-00A0C91BC942}") = "timer", "timer.vcxproj", "{5F4ECBF7-995A-326B-979C-011837FD797F}"
	ProjectSection(ProjectDependencies) = postProject
		{680685C3-70C0-3706-B3C0-909799E41261} = {680685C3-70C0-3706-B3C0-909799E41261}
		{54304A65-BF51-3510-8B8A-3C9C6DF4EBAA} = {54304A65-BF51-3510-8B8A-3C9C6DF4EBAA}
	EndProjectSection
EndProject
Project("{8BC9CEB8-8B4A-11D0-8D11-00A0C91BC942}") = "timer_static", "timer_static.vcxproj", "{CC38665C-44B1-3E47-B8E8-FD9F83DCD1CD}"
	ProjectSection(ProjectDependencies) = postProject
		{680685C3-70C0-3706-B3C0-909799E41261} = {680685C3-70C0-3706-B3C0-909799E41261}
		{D67B05D2-1DDF-38A0-8BD8-E1AAB7D68168} = {D67B05D2-1DDF-38A0-8BD8-E1AAB7D68168}
	EndProjectSection
EndProject
Global
	GlobalSection(SolutionConfigurationPlatforms) = preSolution
		Debug|Win32 = Debug|Win32
		Release|Win32 = Release|Win32
		MinSizeRel|Win32 = MinSizeRel|Win32
		RelWithDebInfo|Win32 = RelWithDebInfo|Win32
	EndGlobalSection
	GlobalSection(ProjectConfigurationPlatforms) = postSolution
		{9EDAE941-11BF-3825-949D-1B5A2DE5C294}.Debug|Win32.ActiveCfg = Debug|Win32
		{9EDAE941-11BF-3825-949D-1B5A2DE5C294}.Debug|Win32.Build.0 = Debug|Win32
		{9EDAE941-11BF-3825-949D-1B5A2DE5C294}.Release|Win32.ActiveCfg = Release|Win32
		{9EDAE941-11BF-3825-949D-1B5A2DE5C294}.Release|Win32.Build.0 = Release|Win32
		{9EDAE941-11BF-3825-949D-1B5A2DE5C294}.MinSizeRel|Win32.ActiveCfg = MinSizeRel|Win32
		{9EDAE941-11BF-3825-949D-1B5A2DE5C294}.MinSizeRel|Win32.Build.0 = MinSizeRel|Win32
		{9EDAE941-11BF-3825-949D-1B5A2DE5C294}.RelWithDebInfo|Win32.ActiveCfg = RelWithDebInfo|Win32
		{9EDAE941-11BF-3825-949D-1B5A2DE5C294}.RelWithDebInfo|Win32.Build.0 = RelWithDebInfo|Win32
		{DE8FAB95-FC09-3EB2-A523-717919E58155}.Debug|Win32.ActiveCfg = Debug|Win32
		{DE8FAB95-FC09-3EB2-A523-717919E58155}.Debug|Win32.Build.0 = Debug|Win32
		{DE8FAB95-FC09-3EB2-A523-717919E58155}.Release|Win32.ActiveCfg = Release|Win32
		{DE8FAB95-FC09-3EB2-A523-717919E58155}.Release|Win32.Build.0 = Release|Win32
		{DE8FAB95-FC09-3EB2-A523-717919E58155}.MinSizeRel|Win32.ActiveCfg = MinSizeRel|Win32
		{DE8FAB95-FC09-3EB2-A523-717919E58155}.MinSizeRel|Win32.Build.0 = MinSizeRel|Win32
		{DE8FAB95-FC09-3EB2-A523-717919E58155}.RelWithDebInfo|Win32.ActiveCfg = RelWithDebInfo|Win32
		{DE8FAB95-FC09-3EB2-A523-717919E58155}.RelWithDebInfo|Win32.Build.0 = RelWithDebInfo|Win32
		{353200C5-D8A2-3B17-B8E3-C2DC1E00B717}.Debug|Win32.ActiveCfg = Debug|Win32
		{353200C5-D8A2-3B17-B8E3-C2DC1E00B717}.Debug|Win32.Build.0 = Debug|Win32
		{353200C5-D8A2-3B17-B8E3-C2DC1E00B717}.Release|Win32.ActiveCfg = Release|Win32
		{353200C5-D8A2-3B17-B8E3-C2DC1E00B717}.Release|Win32.Build.0 = Release|Win32
		{353200C5-D8A2-3B17-B8E3-C2DC1E00B717}.MinSizeRel|Win32.ActiveCfg = MinSizeRel|Win32
		{353200C5-D8A2-3B17-B8E3-C2DC1E00B717}.MinSizeRel|Win32.Build.0 = MinSizeRel|Win32
		{353200C5-D8A2-3B17-B8E3-C2DC1E00B717}.RelWithDebInfo|Win32.ActiveCfg = RelWithDebInfo|Win32
		{353200C5-D8A2-3B17-B8E3-C2DC1E00B717}.RelWithDebInfo|Win32.Build.0 = RelWithDebInfo|Win32
		{C7B0FFF3-53AC-3F0F-9C3B-207E3CD8B368}.Debug|Win32.ActiveCfg = Debug|Win32
		{C7B0FFF3-53AC-3F0F-9C3B-207E3CD8B368}.Debug|Win32.Build.0 = Debug|Win32
		{C7B0FFF3-53AC-3F0F-9C3B-207E3CD8B368}.Release|Win32.ActiveCfg = Release|Win32
		{C7B0FFF3-53AC-3F0F-9C3B-207E3CD8B368}.Release|Win32.Build.0 = Release|Win32
		{C7B0FFF3-53AC-3F0F-9C3B-207E3CD8B368}.MinSizeRel|Win32.ActiveCfg = MinSizeRel|Win32
		{C7B0FFF3-53AC-3F0F-9C3B-207E3CD8B368}.MinSizeRel|Win32.Build.0 = MinSizeRel|Win32
		{C7B0FFF3-53AC-3F0F-9C3B-207E3CD8B368}.RelWithDebInfo|Win32.ActiveCfg = RelWithDebInfo|Win32
		{C7B0FFF3-53AC-3F0F-9C3B-207E3CD8B368}.RelWithDebInfo|Win32.Build.0 = RelWithDebInfo|Win32
		{CF5ED152-E2A2-36E4-9EE2-68B8106C8F72}.Debug|Win32.ActiveCfg = Debug|Win32
		{CF5ED152-E2A2-36E4-9EE2-68B8106C8F72}.Debug|Win32.Build.0 = Debug|Win32
		{CF5ED152-E2A2-36E4-9EE2-68B8106C8F72}.Release|Win32.ActiveCfg = Release|Win32
		{CF5ED152-E2A2-36E4-9EE2-68B8106C8F72}.Release|Win32.Build.0 = Release|Win32
		{CF5ED152-E2A2-36E4-9EE2-68B8106C8F72}.MinSizeRel|Win32.ActiveCfg = MinSizeRel|Win32
		{CF5ED152-E2A2-36E4-9EE2-68B8106C8F72}.MinSizeRel|Win32.Build.0 = MinSizeRel|Win32
		{CF5ED152-E2A2-36E4-9EE2-68B8106C8F72}.RelWithDebInfo|Win32.ActiveCfg = RelWithDebInfo|Win32
		{CF5ED152-E2A2-36E4-9EE2-68B8106C8F72}.RelWithDebInfo|Win32.Build.0 = RelWithDebInfo|Win32
		{296A637C-F688-31CF-9144-7B3922038E02}.Debug|Win32.ActiveCfg = Debug|Win32
		{296A637C-F688-31CF-9144-7B3922038E02}.Debug|Win32.Build.0 = Debug|Win32
		{296A637C-F688-31CF-9144-7B3922038E02}.Release|Win32.ActiveCfg = Release|Win32
		{296A637C-F688-31CF-9144-7B3922038E02}.Release|Win32.Build.0 = Release|Win32
		{296A637C-F688-31CF-9144-7B3922038E02}.MinSizeRel|Win32.ActiveCfg = MinSizeRel|Win32
		{296A637C-F688-31CF-9144-7B3922038E02}.MinSizeRel|Win32.Build.0 = MinSizeRel|Win32
		{296A637C-F688-31CF-9144-7B3922038E02}.RelWithDebInfo|Win32.ActiveCfg = RelWithDebInfo|Win32
		{296A637C-F688-31CF-9144-7B3922038E02}.RelWithDebInfo|Win32.Build.0 = RelWithDebInfo|Win32
		{5E1EDD0F-2CB0-398E-BAF3-226F34FD2BB1}.Debug|Win32.ActiveCfg = Debug|Win32
		{5E1EDD0F-2CB0-398E-BAF3-226F34FD2BB1}.Debug|Win32.Build.0 = Debug|Win32
		{5E1EDD0F-2CB0-398E-BAF3-226F34FD2BB1}.Release|Win32.ActiveCfg = Release|Win32
		{5E1EDD0F-2CB0-398E-BAF3-226F34FD2BB1}.Release|Win32.Build.0 = Release|Win32
		{5E1EDD0F-2CB0-398E-BAF3-226F34FD2BB1}.MinSizeRel|Win32.ActiveCfg = MinSizeRel|Win32
		{5E1EDD0F-2CB0-398E-BAF3-226F34FD2BB1}.MinSizeRel|Win32.Build.0 = MinSizeRel|Win32
		{5E1EDD0F-2CB0-398E-BAF3-226F34FD2BB1}.RelWithDebInfo|Win32.ActiveCfg = RelWithDebInfo|Win32
		{5E1EDD0F-2CB0-398E-BAF3-226F34FD2BB1}.RelWithDebInfo|Win32.Build.0 = RelWithDebInfo|Win32
		{3270DACF-CB99-340C-894C-C1DD656CB574}.Debug|Win32.ActiveCfg = Debug|Win32
		{3270DACF-CB99-340C-894C-C1DD656CB574}.Release|Win32.ActiveCfg = Release|Win32
		{3270DACF-CB99-340C-894C-C1DD656CB574}.MinSizeRel|Win32.ActiveCfg = MinSizeRel|Win32
		{3270DACF-CB99-340C-894C-C1DD656CB574}.RelWithDebInfo|Win32.ActiveCfg = RelWithDebInfo|Win32
		{83AD3499-B35A-36B6-A61B-055CDBA307A7}.Debug|Win32.ActiveCfg = Debug|Win32
		{83AD3499-B35A-36B6-A61B-055CDBA307A7}.Debug|Win32.Build.0 = Debug|Win32
		{83AD3499-B35A-36B6-A61B-055CDBA307A7}.Release|Win32.ActiveCfg = Release|Win32
		{83AD3499-B35A-36B6-A61B-055CDBA307A7}.Release|Win32.Build.0 = Release|Win32
		{83AD3499-B35A-36B6-A61B-055CDBA307A7}.MinSizeRel|Win32.ActiveCfg = MinSizeRel|Win32
		{83AD3499-B35A-36B6-A61B-055CDBA307A7}.MinSizeRel|Win32.Build.0 = MinSizeRel|Win32
		{83AD3499-B35A-36B6-A61B-055CDBA307A7}.RelWithDebInfo|Win32.ActiveCfg = RelWithDebInfo|Win32
		{83AD3499-B35A-36B6-A61B-055CDBA307A7}.RelWithDebInfo|Win32.Build.0 = RelWithDebInfo|Win32
		{4817458A-85FF-310B-85EA-642C4B26C314}.Debug|Win32.ActiveCfg = Debug|Win32
		{4817458A-85FF-310B-85EA-642C4B26C314}.Debug|Win32.Build.0 = Debug|Win32
		{4817458A-85FF-310B-85EA-642C4B26C314}.Release|Win32.ActiveCfg = Release|Win32
		{4817458A-85FF-310B-85EA-642C4B26C314}.Release|Win32.Build.0 = Release|Win32
		{4817458A-85FF-310B-85EA-642C4B26C314}.MinSizeRel|Win32.ActiveCfg = MinSizeRel|Win32
		{4817458A-85FF-310B-85EA-642C4B26C314}.MinSizeRel|Win32.Build.0 = MinSizeRel|Win32
		{4817458A-85FF-310B-85EA-642C4B26C314}.RelWithDebInfo|Win32.ActiveCfg = RelWithDebInfo|Win32
		{4817458A-85FF-310B-85EA-642C4B26C314}.RelWithDebInfo|Win32.Build.0 = RelWithDebInfo|Win32
		{341C1D4D-1ED4-3995-A7F9-48362038AF04}.Debug|Win32.ActiveCfg = Debug|Win32
		{341C1D4D-1ED4-3995-A7F9-48362038AF04}.Debug|Win32.Build.0 = Debug|Win32
		{341C1D4D-1ED4-3995-A7F9-48362038AF04}.Release|Win32.ActiveCfg = Release|Win32
		{341C1D4D-1ED4-3995-A7F9-48362038AF04}.Release|Win32.Build.0 = Release|Win32
		{341C1D4D-1ED4-3995-A7F9-48362038AF04}.MinSizeRel|Win32.ActiveCfg = MinSizeRel|Win32
		{341C1D4D-1ED4-3995-A7F9-48362038AF04}.MinSizeRel|Win32.Build.0 = MinSizeRel|Win32
		{341C1D4D-1ED4-3995-A7F9-48362038AF04}.RelWithDebInfo|Win32.ActiveCfg = RelWithDebInfo|Win32
		{341C1D4D-1ED4-3995-A7F9-48362038AF04}.RelWithDebInfo|Win32.Build.0 = RelWithDebInfo|Win32
		{E5B51AB2-49F2-354E-89A0-CCC62907F94E}.Debug|Win32.ActiveCfg = Debug|Win32
		{E5B51AB2-49F2-354E-89A0-CCC62907F94E}.Debug|Win32.Build.0 = Debug|Win32
		{E5B51AB2-49F2-354E-89A0-CCC62907F94E}.Release|Win32.ActiveCfg = Release|Win32
		{E5B51AB2-49F2-354E-89A0-CCC62907F94E}.Release|Win32.Build.0 = Release|Win32
		{E5B51AB2-49F2-354E-89A0-CCC62907F94E}.MinSizeRel|Win32.ActiveCfg = MinSizeRel|Win32
		{E5B51AB2-49F2-354E-89A0-CCC62907F94E}.MinSizeRel|Win32.Build.0 = MinSizeRel|Win32
		{E5B51AB2-49F2-354E-89A0-CCC62907F94E}.RelWithDebInfo|Win32.ActiveCfg = RelWithDebInfo|Win32
		{E5B51AB2-49F2-354E-89A0-CCC62907F94E}.RelWithDebInfo|Win32.Build.0 = RelWithDebInfo|Win32
		{4BC1489A-9F62-398E-8BA6-120E0B780D60}.Debug|Win32.ActiveCfg = Debug|Win32
		{4BC1489A-9F62-398E-8BA6-120E0B780D60}.Debug|Win32.Build.0 = Debug|Win32
		{4BC1489A-9F62-398E-8BA6-120E0B780D60}.Release|Win32.ActiveCfg = Release|Win32
		{4BC1489A-9F62-398E-8BA6-120E0B780D60}.Release|Win32.Build.0 = Release|Win32
		{4BC1489A-9F62-398E-8BA6-120E0B780D60}.MinSizeRel|Win32.ActiveCfg = MinSizeRel|Win32
		{4BC1489A-9F62-398E-8BA6-120E0B780D60}.MinSizeRel|Win32.Build.0 = MinSizeRel|Win32
		{4BC1489A-9F62-398E-8BA6-120E0B780D60}.RelWithDebInfo|Win32.ActiveCfg = RelWithDebInfo|Win32
		{4BC1489A-9F62-398E-8BA6-120E0B780D60}.RelWithDebInfo|Win32.Build.0 = RelWithDebInfo|Win32
		{F025A674-A4C8-325F-BE4D-1EA6160E8DED}.Debug|Win32.ActiveCfg = Debug|Win32
		{F025A674-A4C8-325F-BE4D-1EA6160E8DED}.Debug|Win32.Build.0 = Debug|Win32
		{F025A674-A4C8-325F-BE4D-1EA6160E8DED}.Release|Win32.ActiveCfg = Release|Win32
		{F025A674-A4C8-325F-BE4D-1EA6160E8DED}.Release|Win32.Build.0 = Release|Win32
		{F025A674-A4C8-325F-BE4D-1EA6160E8DED}.MinSizeRel|Win32.ActiveCfg = MinSizeRel|Win32
		{F025A674-A4C8-325F-BE4D-1EA6160E8DED}.MinSizeRel|Win32.Build.0 = MinSizeRel|Win32
		{F025A674-A4C8-325F-BE4D-1EA6160E8DED}.RelWithDebInfo|Win32.ActiveCfg = RelWithDebInfo|Win32
		{F025A674-A4C8-325F-BE4D-1EA6160E8DED}.RelWithDebInfo|Win32.Build.0 = RelWithDebInfo|Win32
		{680685C3-70C0-3706-B3C0-909799E41261}.Debug|Win32.ActiveCfg = Debug|Win32
		{680685C3-70C0-3706-B3C0-909799E41261}.Debug|Win32.Build.0 = Debug|Win32
		{680685C3-70C0-3706-B3C0-909799E41261}.Release|Win32.ActiveCfg = Release|Win32
		{680685C3-70C0-3706-B3C0-909799E41261}.Release|Win32.Build.0 = Release|Win32
		{680685C3-70C0-3706-B3C0-909799E41261}.MinSizeRel|Win32.ActiveCfg = MinSizeRel|Win32
		{680685C3-70C0-3706-B3C0-909799E41261}.MinSizeRel|Win32.Build.0 = MinSizeRel|Win32
		{680685C3-70C0-3706-B3C0-909799E41261}.RelWithDebInfo|Win32.ActiveCfg = RelWithDebInfo|Win32
		{680685C3-70C0-3706-B3C0-909799E41261}.RelWithDebInfo|Win32.Build.0 = RelWithDebInfo|Win32
		{54304A65-BF51-3510-8B8A-3C9C6DF4EBAA}.Debug|Win32.ActiveCfg = Debug|Win32
		{54304A65-BF51-3510-8B8A-3C9C6DF4EBAA}.Debug|Win32.Build.0 = Debug|Win32
		{54304A65-BF51-3510-8B8A-3C9C6DF4EBAA}.Release|Win32.ActiveCfg = Release|Win32
		{54304A65-BF51-3510-8B8A-3C9C6DF4EBAA}.Release|Win32.Build.0 = Release|Win32
		{54304A65-BF51-3510-8B8A-3C9C6DF4EBAA}.MinSizeRel|Win32.ActiveCfg = MinSizeRel|Win32
		{54304A65-BF51-3510-8B8A-3C9C6DF4EBAA}.MinSizeRel|Win32.Build.0 = MinSizeRel|Win32
		{54304A65-BF51-3510-8B8A-3C9C6DF4EBAA}.RelWithDebInfo|Win32.ActiveCfg = RelWithDebInfo|Win32
		{54304A65-BF51-3510-8B8A-3C9C6DF4EBAA}.RelWithDebInfo|Win32.Build.0 = RelWithDebInfo|Win32
		{D67B05D2-1DDF-38A0-8BD8-E1AAB7D68168}.Debug|Win32.ActiveCfg = Debug|Win32
		{D67B05D2-1DDF-38A0-8BD8-E1AAB7D68168}.Debug|Win32.Build.0 = Debug|Win32
		{D67B05D2-1DDF-38A0-8BD8-E1AAB7D68168}.Release|Win32.ActiveCfg = Release|Win32
		{D67B05D2-1DDF-38A0-8BD8-E1AAB7D68168}.Release|Win32.Build.0 = Release|Win32
		{D67B05D2-1DDF-38A0-8BD8-E1AAB7D68168}.MinSizeRel|Win32.ActiveCfg = MinSizeRel|Win32
		{D67B05D2-1DDF-38A0-8BD8-E1AAB7D68168}.MinSizeRel|Win32.Build.0 = MinSizeRel|Win32
		{D67B05D2-1DDF-38A0-8BD8-E1AAB7D68168}.RelWithDebInfo|Win32.ActiveCfg = RelWithDebInfo|Win32
		{D67B05D2-1DDF-38A0-8BD8-E1AAB7D68168}.RelWithDebInfo|Win32.Build.0 = RelWithDebInfo|Win32
		{0B4D6B6C-B5B1-39C3-81F9-78B67A46669A}.Debug|Win32.ActiveCfg = Debug|Win32
		{0B4D6B6C-B5B1-39C3-81F9-78B67A46669A}.Debug|Win32.Build.0 = Debug|Win32
		{0B4D6B6C-B5B1-39C3-81F9-78B67A46669A}.Release|Win32.ActiveCfg = Release|Win32
		{0B4D6B6C-B5B1-39C3-81F9-78B67A46669A}.Release|Win32.Build.0 = Release|Win32
		{0B4D6B6C-B5B1-39C3-81F9-78B67A46669A}.MinSizeRel|Win32.ActiveCfg = MinSizeRel|Win32
		{0B4D6B6C-B5B1-39C3-81F9-78B67A46669A}.MinSizeRel|Win32.Build.0 = MinSizeRel|Win32
		{0B4D6B6C-B5B1-39C3-81F9-78B67A46669A}.RelWithDebInfo|Win32.ActiveCfg = RelWithDebInfo|Win32
		{0B4D6B6C-B5B1-39C3-81F9-78B67A46669A}.RelWithDebInfo|Win32.Build.0 = RelWithDebInfo|Win32
		{7AA0B469-8A06-3905-B58F-29052DE3E973}.Debug|Win32.ActiveCfg = Debug|Win32
		{7AA0B469-8A06-3905-B58F-29052DE3E973}.Debug|Win32.Build.0 = Debug|Win32
		{7AA0B469-8A06-3905-B58F-29052DE3E973}.Release|Win32.ActiveCfg = Release|Win32
		{7AA0B469-8A06-3905-B58F-29052DE3E973}.Release|Win32.Build.0 = Release|Win32
		{7AA0B469-8A06-3905-B58F-29052DE3E973}.MinSizeRel|Win32.ActiveCfg = MinSizeRel|Win32
		{7AA0B469-8A06-3905-B58F-29052DE3E973}.MinSizeRel|Win32.Build.0 = MinSizeRel|Win32
		{7AA0B469-8A06-3905-B58F-29052DE3E973}.RelWithDebInfo|Win32.ActiveCfg = RelWithDebInfo|Win32
		{7AA0B469-8A06-3905-B58F-29052DE3E973}.RelWithDebInfo|Win32.Build.0 = RelWithDebInfo|Win32
		{A8A21DF9-DBDD-3631-83DF-63AB7CAE3186}.Debug|Win32.ActiveCfg = Debug|Win32
		{A8A21DF9-DBDD-3631-83DF-63AB7CAE3186}.Debug|Win32.Build.0 = Debug|Win32
		{A8A21DF9-DBDD-3631-83DF-63AB7CAE3186}.Release|Win32.ActiveCfg = Release|Win32
		{A8A21DF9-DBDD-3631-83DF-63AB7CAE3186}.Release|Win32.Build.0 = Release|Win32
		{A8A21DF9-DBDD-3631-83DF-63AB7CAE3186}.MinSizeRel|Win32.ActiveCfg = MinSizeRel|Win32
		{A8A21DF9-DBDD-3631-83DF-63AB7CAE3186}.MinSizeRel|Win32.Build.0 = MinSizeRel|Win32
		{A8A21DF9-DBDD-3631-83DF-63AB7CAE3186}.RelWithDebInfo|Win32.ActiveCfg = RelWithDebInfo|Win32
		{A8A21DF9-DBDD-3631-83DF-63AB7CAE3186}.RelWithDebInfo|Win32.Build.0 = RelWithDebInfo|Win32
		{302915DD-57BD-3782-93FC-AB0E28A31792}.Debug|Win32.ActiveCfg = Debug|Win32
		{302915DD-57BD-3782-93FC-AB0E28A31792}.Debug|Win32.Build.0 = Debug|Win32
		{302915DD-57BD-3782-93FC-AB0E28A31792}.Release|Win32.ActiveCfg = Release|Win32
		{302915DD-57BD-3782-93FC-AB0E28A31792}.Release|Win32.Build.0 = Release|Win32
		{302915DD-57BD-3782-93FC-AB0E28A31792}.MinSizeRel|Win32.ActiveCfg = MinSizeRel|Win32
		{302915DD-57BD-3782-93FC-AB0E28A31792}.MinSizeRel|Win32.Build.0 = MinSizeRel|Win32
		{302915DD-57BD-3782-93FC-AB0E28A31792}.RelWithDebInfo|Win32.ActiveCfg = RelWithDebInfo|Win32
		{302915DD-57BD-3782-93FC-AB0E28A31792}.RelWithDebInfo|Win32.Build.0 = RelWithDebInfo|Win32
		{AAE38243-E18D-3490-94A2-220AF7414952}.Debug|Win32.ActiveCfg = Debug|Win32
		{AAE38243-E18D-3490-94A2-220AF7414952}.Debug|Win32.Build.0 = Debug|Win32
		{AAE38243-E18D-3490-94A2-220AF7414952}.Release|Win32.ActiveCfg = Release|Win32
		{AAE38243-E18D-3490-94A2-220AF7414952}.Release|Win32.Build.0 = Release|Win32
		{AAE38243-E18D-3490-94A2-220AF7414952}.MinSizeRel|Win32.ActiveCfg = MinSizeRel|Win32
		{AAE38243-E18D-3490-94A2-220AF7414952}.MinSizeRel|Win32.Build.0 = MinSizeRel|Win32
		{AAE38243-E18D-3490-94A2-220AF7414952}.RelWithDebInfo|Win32.ActiveCfg = RelWithDebInfo|Win32
		{AAE38243-E18D-3490-94A2-220AF7414952}.RelWithDebInfo|Win32.Build.0 = RelWithDebInfo|Win32
		{FDF5DFAD-AF00-32FE-9435-4E8DBF80295F}.Debug|Win32.ActiveCfg = Debug|Win32
		{FDF5DFAD-AF00-32FE-9435-4E8DBF80295F}.Debug|Win32.Build.0 = Debug|Win32
		{FDF5DFAD-AF00-32FE-9435-4E8DBF80295F}.Release|Win32.ActiveCfg = Release|Win32
		{FDF5DFAD-AF00-32FE-9435-4E8DBF80295F}.Release|Win32.Build.0 = Release|Win32
		{FDF5DFAD-AF00-32FE-9435-4E8DBF80295F}.MinSizeRel|Win32.ActiveCfg = MinSizeRel|Win32
		{FDF5DFAD-AF00-32FE-9435-4E8DBF80295F}.MinSizeRel|Win32.Build.0 = MinSizeRel|Win32
		{FDF5DFAD-AF00-32FE-9435-4E8DBF80295F}.RelWithDebInfo|Win32.ActiveCfg = RelWithDebInfo|Win32
		{FDF5DFAD-AF00-32FE-9435-4E8DBF80295F}.RelWithDebInfo|Win32.Build.0 = RelWithDebInfo|Win32
		{2D19000A-EA9D-34DD-90AA-8FD08738E703}.Debug|Win32.ActiveCfg = Debug|Win32
		{2D19000A-EA9D-34DD-90AA-8FD08738E703}.Debug|Win32.Build.0 = Debug|Win32
		{2D19000A-EA9D-34DD-90AA-8FD08738E703}.Release|Win32.ActiveCfg = Release|Win32
		{2D19000A-EA9D-34DD-90AA-8FD08738E703}.Release|Win32.Build.0 = Release|Win32
		{2D19000A-EA9D-34DD-90AA-8FD08738E703}.MinSizeRel|Win32.ActiveCfg = MinSizeRel|Win32
		{2D19000A-EA9D-34DD-90AA-8FD08738E703}.MinSizeRel|Win32.Build.0 = MinSizeRel|Win32
		{2D19000A-EA9D-34DD-90AA-8FD08738E703}.RelWithDebInfo|Win32.ActiveCfg = RelWithDebInfo|Win32
		{2D19000A-EA9D-34DD-90AA-8FD08738E703}.RelWithDebInfo|Win32.Build.0 = RelWithDebInfo|Win32
		{2A072E3B-AD5A-3106-961F-BD2E8C1A0855}.Debug|Win32.ActiveCfg = Debug|Win32
		{2A072E3B-AD5A-3106-961F-BD2E8C1A0855}.Debug|Win32.Build.0 = Debug|Win32
		{2A072E3B-AD5A-3106-961F-BD2E8C1A0855}.Release|Win32.ActiveCfg = Release|Win32
		{2A072E3B-AD5A-3106-961F-BD2E8C1A0855}.Release|Win32.Build.0 = Release|Win32
		{2A072E3B-AD5A-3106-961F-BD2E8C1A0855}.MinSizeRel|Win32.ActiveCfg = MinSizeRel|Win32
		{2A072E3B-AD5A-3106-961F-BD2E8C1A0855}.MinSizeRel|Win32.Build.0 = MinSizeRel|Win32
		{2A072E3B-AD5A-3106-961F-BD2E8C1A0855}.RelWithDebInfo|Win32.ActiveCfg = RelWithDebInfo|Win32
		{2A072E3B-AD5A-3106-961F-BD2E8C1A0855}.RelWithDebInfo|Win32.Build.0 = RelWithDebInfo|Win32
		{5F4ECBF7-995A-326B-979C-011837FD797F}.Debug|Win32.ActiveCfg = Debug|Win32
		{5F4ECBF7-995A-326B-979C-011837FD797F}.Debug|Win32.Build.0 = Debug|Win32
		{5F4ECBF7-995A-326B-979C-011837FD797F}.Release|Win32.ActiveCfg = Release|Win32
		{5F4ECBF7-995A-326B-979C-011837FD797F}.Release|Win32.Build.0 = Release|Win32
		{5F4ECBF7-995A-326B-979C-011837FD797F}.MinSizeRel|Win32.ActiveCfg = MinSizeRel|Win32
		{5F4ECBF7-995A-326B-979C-011837FD797F}.MinSizeRel|Win32.Build.0 = MinSizeRel|Win32
		{5F4ECBF7-995A-326B-979C-011837FD797F}.RelWithDebInfo|Win32.ActiveCfg = RelWithDebInfo|Win32
		{5F4ECBF7-995A-326B-979C-011837FD797F}.RelWithDebInfo|Win32.Build.0 = RelWithDebInfo|Win32
		{CC38665C-44B1-3E47-B8E8-FD9F83DCD1CD}.Debug|Win32.ActiveCfg = Debug|Win32
		{CC38665C-44B1-3E47-B8E8-FD9F83DCD1CD}.Debug|Win32.Build.0 = Debug|Win32
		{CC38665C-44B1-3E47-B8E8-FD9F83DCD1CD}.Release|Win32.ActiveCfg = Release|Win32
		{CC38665C-44B1-3E47-B8E8-FD9F83DCD1CD}.Release|Win32.Build.0 = Release|Win32
		{CC38665C-44B1-3E47-B8E8-FD9F83DCD1CD}.MinSizeRel|Win32.ActiveCfg = MinSizeRel|Win32
		{CC38665C-44B1-3E47-B8E8-FD9F83DCD1CD}.MinSizeRel|Win32.Build.0 = MinSizeRel|Win32
		{CC38665C-44B1-3E47-B8E8-FD9F83DCD1CD}.RelWithDebInfo|Win32.ActiveCfg = RelWithDebInfo|Win32
		{CC38665C-44B1-3E47-B8E8-FD9F83DCD1CD}.RelWithDebInfo|Win32.Build.0 = RelWithDebInfo|Win32
	EndGlobalSection
	GlobalSection(ExtensibilityGlobals) = postSolution
		SolutionGuid = {D8F393DA-BC5C-36EC-8948-C52111C2854D}
	EndGlobalSection
	GlobalSection(ExtensibilityAddIns) = postSolution
	EndGlobalSection
EndGlobal
