<?xml version="1.0" encoding="UTF-8"?>
<Project ToolsVersion="15.0" xmlns="http://schemas.microsoft.com/developer/msbuild/2003">
  <ItemGroup>
    <ClCompile Include="C:\work\GamePlay\tools\encoder\FBX\FbxParser-master\freeglut-3.0.0\progs\demos\shapes\shapes.c">
      <Filter>Source Files</Filter>
    </ClCompile>
    <ClCompile Include="C:\work\GamePlay\tools\encoder\FBX\FbxParser-master\freeglut-3.0.0\progs\demos\shapes\glmatrix.c">
      <Filter>Source Files</Filter>
    </ClCompile>
  </ItemGroup>
  <ItemGroup>
    <ClInclude Include="C:\work\GamePlay\tools\encoder\FBX\FbxParser-master\freeglut-3.0.0\progs\demos\shapes\glmatrix.h">
      <Filter>Header Files</Filter>
    </ClInclude>
  </ItemGroup>
  <ItemGroup>
    <CustomBuild Include="C:\work\GamePlay\tools\encoder\FBX\FbxParser-master\freeglut-3.0.0\CMakeLists.txt" />
  </ItemGroup>
  <ItemGroup>
    <Filter Include="Source Files">
      <UniqueIdentifier>{9D44F1FA-DF77-3B33-97F6-A153A91C10C3}</UniqueIdentifier>
    </Filter>
    <Filter Include="Header Files">
      <UniqueIdentifier>{6F376CCC-B0CB-3F87-AA8A-61D0AD9E271D}</UniqueIdentifier>
    </Filter>
  </ItemGroup>
</Project>
